// !$*UTF8*$!
{
	archiveVersion = 1;
	classes = {
	};
	objectVersion = 55;
	objects = {

/* Begin PBXBuildFile section */
		D832AB5627AD2D8200BD23E3 /* RepositoryRocator.swift in Sources */ = {isa = PBXBuildFile; fileRef = D84F55BD27A515B5002C1C8B /* RepositoryRocator.swift */; };
		D832AB5B27AE594200BD23E3 /* MockHourly.swift in Sources */ = {isa = PBXBuildFile; fileRef = D832AB5927AE571A00BD23E3 /* MockHourly.swift */; };
		D832AB5D27AE5A0100BD23E3 /* UserRepositoryInterface.swift in Sources */ = {isa = PBXBuildFile; fileRef = D84F55C927A5378D002C1C8B /* UserRepositoryInterface.swift */; };
		D832AB5E27AE5A1300BD23E3 /* UserRepository.swift in Sources */ = {isa = PBXBuildFile; fileRef = D84F55C727A53776002C1C8B /* UserRepository.swift */; };
		D832AB5F27AE5A1C00BD23E3 /* UserDefaultsDataStore.swift in Sources */ = {isa = PBXBuildFile; fileRef = D84F55CB27A537AB002C1C8B /* UserDefaultsDataStore.swift */; };
		D832AB6027AE664600BD23E3 /* MediumWidgetProvider.swift in Sources */ = {isa = PBXBuildFile; fileRef = D84F55ED27A546BE002C1C8B /* MediumWidgetProvider.swift */; };
		D832AB6127AE665400BD23E3 /* MockHourly.swift in Sources */ = {isa = PBXBuildFile; fileRef = D832AB5927AE571A00BD23E3 /* MockHourly.swift */; };
		D84F55AB27A4FA95002C1C8B /* WeatherViewModel.swift in Sources */ = {isa = PBXBuildFile; fileRef = D84F55AA27A4FA95002C1C8B /* WeatherViewModel.swift */; };
		D84F55AD27A4FAA9002C1C8B /* WeatherRepository.swift in Sources */ = {isa = PBXBuildFile; fileRef = D84F55AC27A4FAA9002C1C8B /* WeatherRepository.swift */; };
		D84F55AF27A4FABC002C1C8B /* WeatherRepositoryInterface.swift in Sources */ = {isa = PBXBuildFile; fileRef = D84F55AE27A4FABC002C1C8B /* WeatherRepositoryInterface.swift */; };
		D84F55B127A4FAD2002C1C8B /* WeatherDataStore.swift in Sources */ = {isa = PBXBuildFile; fileRef = D84F55B027A4FAD2002C1C8B /* WeatherDataStore.swift */; };
		D84F55B327A4FFB1002C1C8B /* WeatherResponseModel.swift in Sources */ = {isa = PBXBuildFile; fileRef = D84F55B227A4FFB1002C1C8B /* WeatherResponseModel.swift */; };
		D84F55B527A4FFC7002C1C8B /* WeatherRequestModel.swift in Sources */ = {isa = PBXBuildFile; fileRef = D84F55B427A4FFC7002C1C8B /* WeatherRequestModel.swift */; };
		D84F55B627A50DBD002C1C8B /* WeatherDataStore.swift in Sources */ = {isa = PBXBuildFile; fileRef = D84F55B027A4FAD2002C1C8B /* WeatherDataStore.swift */; };
		D84F55BA27A50DDA002C1C8B /* WeatherResponseModel.swift in Sources */ = {isa = PBXBuildFile; fileRef = D84F55B227A4FFB1002C1C8B /* WeatherResponseModel.swift */; };
		D84F55BB27A50DDD002C1C8B /* WeatherRequestModel.swift in Sources */ = {isa = PBXBuildFile; fileRef = D84F55B427A4FFC7002C1C8B /* WeatherRequestModel.swift */; };
		D84F55BC27A50F8E002C1C8B /* Key.swift in Sources */ = {isa = PBXBuildFile; fileRef = D89EFB1327A4E76D00D58E75 /* Key.swift */; };
		D84F55BE27A515B5002C1C8B /* RepositoryRocator.swift in Sources */ = {isa = PBXBuildFile; fileRef = D84F55BD27A515B5002C1C8B /* RepositoryRocator.swift */; };
		D84F55C027A52CCA002C1C8B /* AppDelegate.swift in Sources */ = {isa = PBXBuildFile; fileRef = D84F55BF27A52CCA002C1C8B /* AppDelegate.swift */; };
		D84F55C327A52E7B002C1C8B /* LocationManagerHelper.swift in Sources */ = {isa = PBXBuildFile; fileRef = D84F55C227A52E7B002C1C8B /* LocationManagerHelper.swift */; };
		D84F55C627A53423002C1C8B /* CoreLocation.framework in Frameworks */ = {isa = PBXBuildFile; fileRef = D84F55C527A53423002C1C8B /* CoreLocation.framework */; };
		D84F55C827A53776002C1C8B /* UserRepository.swift in Sources */ = {isa = PBXBuildFile; fileRef = D84F55C727A53776002C1C8B /* UserRepository.swift */; };
		D84F55CA27A5378D002C1C8B /* UserRepositoryInterface.swift in Sources */ = {isa = PBXBuildFile; fileRef = D84F55C927A5378D002C1C8B /* UserRepositoryInterface.swift */; };
		D84F55CC27A537AB002C1C8B /* UserDefaultsDataStore.swift in Sources */ = {isa = PBXBuildFile; fileRef = D84F55CB27A537AB002C1C8B /* UserDefaultsDataStore.swift */; };
		D84F55D327A5420D002C1C8B /* WidgetKit.framework in Frameworks */ = {isa = PBXBuildFile; fileRef = D84F55D227A5420D002C1C8B /* WidgetKit.framework */; };
		D84F55D527A5420D002C1C8B /* SwiftUI.framework in Frameworks */ = {isa = PBXBuildFile; fileRef = D84F55D427A5420D002C1C8B /* SwiftUI.framework */; };
		D84F55DA27A5420F002C1C8B /* Assets.xcassets in Resources */ = {isa = PBXBuildFile; fileRef = D84F55D927A5420F002C1C8B /* Assets.xcassets */; };
		D84F55DE27A5420F002C1C8B /* WidgetExtension.appex in Embed App Extensions */ = {isa = PBXBuildFile; fileRef = D84F55D127A5420D002C1C8B /* WidgetExtension.appex */; settings = {ATTRIBUTES = (RemoveHeadersOnCopy, ); }; };
		D84F55E827A54477002C1C8B /* WidgetBundle.swift in Sources */ = {isa = PBXBuildFile; fileRef = D84F55E727A54477002C1C8B /* WidgetBundle.swift */; };
		D84F55EA27A5449D002C1C8B /* MediumWidgetMaster.swift in Sources */ = {isa = PBXBuildFile; fileRef = D84F55E927A5449D002C1C8B /* MediumWidgetMaster.swift */; };
		D84F55EC27A544B8002C1C8B /* MediumWidgetView.swift in Sources */ = {isa = PBXBuildFile; fileRef = D84F55EB27A544B8002C1C8B /* MediumWidgetView.swift */; };
		D84F55EE27A546BE002C1C8B /* MediumWidgetProvider.swift in Sources */ = {isa = PBXBuildFile; fileRef = D84F55ED27A546BE002C1C8B /* MediumWidgetProvider.swift */; };
		D84F55F127A546F2002C1C8B /* MediumWidgetEntryModel.swift in Sources */ = {isa = PBXBuildFile; fileRef = D84F55F027A546F2002C1C8B /* MediumWidgetEntryModel.swift */; };
		D84F55F327A54B4F002C1C8B /* WeatherDataStore.swift in Sources */ = {isa = PBXBuildFile; fileRef = D84F55B027A4FAD2002C1C8B /* WeatherDataStore.swift */; };
		D84F55F527A54B5F002C1C8B /* WeatherRepository.swift in Sources */ = {isa = PBXBuildFile; fileRef = D84F55AC27A4FAA9002C1C8B /* WeatherRepository.swift */; };
		D84F55F627A54B64002C1C8B /* WeatherRepositoryInterface.swift in Sources */ = {isa = PBXBuildFile; fileRef = D84F55AE27A4FABC002C1C8B /* WeatherRepositoryInterface.swift */; };
		D84F55F727A54B72002C1C8B /* WeatherResponseModel.swift in Sources */ = {isa = PBXBuildFile; fileRef = D84F55B227A4FFB1002C1C8B /* WeatherResponseModel.swift */; };
		D84F55F827A54B75002C1C8B /* WeatherRequestModel.swift in Sources */ = {isa = PBXBuildFile; fileRef = D84F55B427A4FFC7002C1C8B /* WeatherRequestModel.swift */; };
		D84F55F927A54C8E002C1C8B /* Key.swift in Sources */ = {isa = PBXBuildFile; fileRef = D89EFB1327A4E76D00D58E75 /* Key.swift */; };
		D8637D3027AE883100813D50 /* WeatherTypeTranslator.swift in Sources */ = {isa = PBXBuildFile; fileRef = D8637D2E27AE87E000813D50 /* WeatherTypeTranslator.swift */; };
		D8637D3327AE88D600813D50 /* WeatherType.swift in Sources */ = {isa = PBXBuildFile; fileRef = D8637D3227AE88D600813D50 /* WeatherType.swift */; };
		D8637D3427AE88DA00813D50 /* WeatherType.swift in Sources */ = {isa = PBXBuildFile; fileRef = D8637D3227AE88D600813D50 /* WeatherType.swift */; };
		D8637D3627AE8A9000813D50 /* ReverseGeocodeDataStore.swift in Sources */ = {isa = PBXBuildFile; fileRef = D8637D3527AE8A9000813D50 /* ReverseGeocodeDataStore.swift */; };
		D8637D3727AE8A9000813D50 /* ReverseGeocodeDataStore.swift in Sources */ = {isa = PBXBuildFile; fileRef = D8637D3527AE8A9000813D50 /* ReverseGeocodeDataStore.swift */; };
		D8637D3927AE91D500813D50 /* ReverseGeocodeDataStoreTests.swift in Sources */ = {isa = PBXBuildFile; fileRef = D8637D3827AE91D500813D50 /* ReverseGeocodeDataStoreTests.swift */; };
		D8637D3A27AE92F500813D50 /* ReverseGeocodeDataStore.swift in Sources */ = {isa = PBXBuildFile; fileRef = D8637D3527AE8A9000813D50 /* ReverseGeocodeDataStore.swift */; };
		D8637D3C27AE933000813D50 /* TestHelper.swift in Sources */ = {isa = PBXBuildFile; fileRef = D8637D3B27AE933000813D50 /* TestHelper.swift */; };
		D8637D3F27AE93DB00813D50 /* MediumWidgetEntryModel.swift in Sources */ = {isa = PBXBuildFile; fileRef = D84F55F027A546F2002C1C8B /* MediumWidgetEntryModel.swift */; };
		D8637D4127AF8F9C00813D50 /* ReverseGeocodeRepository.swift in Sources */ = {isa = PBXBuildFile; fileRef = D8637D4027AF8F9C00813D50 /* ReverseGeocodeRepository.swift */; };
		D8637D4227AF8F9C00813D50 /* ReverseGeocodeRepository.swift in Sources */ = {isa = PBXBuildFile; fileRef = D8637D4027AF8F9C00813D50 /* ReverseGeocodeRepository.swift */; };
		D8637D4427AF8FAD00813D50 /* ReverseGeocodeRepositoryInterface.swift in Sources */ = {isa = PBXBuildFile; fileRef = D8637D4327AF8FAD00813D50 /* ReverseGeocodeRepositoryInterface.swift */; };
		D8637D4527AF8FAD00813D50 /* ReverseGeocodeRepositoryInterface.swift in Sources */ = {isa = PBXBuildFile; fileRef = D8637D4327AF8FAD00813D50 /* ReverseGeocodeRepositoryInterface.swift */; };
		D8637D4727AF938E00813D50 /* ReverseGeocodeResponce.swift in Sources */ = {isa = PBXBuildFile; fileRef = D8637D4627AF938E00813D50 /* ReverseGeocodeResponce.swift */; };
		D8637D4827AF938E00813D50 /* ReverseGeocodeResponce.swift in Sources */ = {isa = PBXBuildFile; fileRef = D8637D4627AF938E00813D50 /* ReverseGeocodeResponce.swift */; };
		D8637D4927AF938E00813D50 /* ReverseGeocodeResponce.swift in Sources */ = {isa = PBXBuildFile; fileRef = D8637D4627AF938E00813D50 /* ReverseGeocodeResponce.swift */; };
		D89EFAE827A4E62B00D58E75 /* WeatherWidgetApp.swift in Sources */ = {isa = PBXBuildFile; fileRef = D89EFAE727A4E62B00D58E75 /* WeatherWidgetApp.swift */; };
		D89EFAEA27A4E62B00D58E75 /* ContentView.swift in Sources */ = {isa = PBXBuildFile; fileRef = D89EFAE927A4E62B00D58E75 /* ContentView.swift */; };
		D89EFAEC27A4E62C00D58E75 /* Assets.xcassets in Resources */ = {isa = PBXBuildFile; fileRef = D89EFAEB27A4E62C00D58E75 /* Assets.xcassets */; };
		D89EFAEF27A4E62C00D58E75 /* Preview Assets.xcassets in Resources */ = {isa = PBXBuildFile; fileRef = D89EFAEE27A4E62C00D58E75 /* Preview Assets.xcassets */; };
		D89EFAF927A4E62D00D58E75 /* WeatherDataStoreTests.swift in Sources */ = {isa = PBXBuildFile; fileRef = D89EFAF827A4E62D00D58E75 /* WeatherDataStoreTests.swift */; };
		D89EFB0327A4E62D00D58E75 /* WeatherWidgetUITests.swift in Sources */ = {isa = PBXBuildFile; fileRef = D89EFB0227A4E62D00D58E75 /* WeatherWidgetUITests.swift */; };
		D89EFB0527A4E62D00D58E75 /* WeatherWidgetUITestsLaunchTests.swift in Sources */ = {isa = PBXBuildFile; fileRef = D89EFB0427A4E62D00D58E75 /* WeatherWidgetUITestsLaunchTests.swift */; };
		D89EFB1427A4E76D00D58E75 /* Key.swift in Sources */ = {isa = PBXBuildFile; fileRef = D89EFB1327A4E76D00D58E75 /* Key.swift */; };
/* End PBXBuildFile section */

/* Begin PBXContainerItemProxy section */
		D84F55DC27A5420F002C1C8B /* PBXContainerItemProxy */ = {
			isa = PBXContainerItemProxy;
			containerPortal = D89EFADC27A4E62B00D58E75 /* Project object */;
			proxyType = 1;
			remoteGlobalIDString = D84F55D027A5420D002C1C8B;
			remoteInfo = WidgetExtension;
		};
		D89EFAF527A4E62D00D58E75 /* PBXContainerItemProxy */ = {
			isa = PBXContainerItemProxy;
			containerPortal = D89EFADC27A4E62B00D58E75 /* Project object */;
			proxyType = 1;
			remoteGlobalIDString = D89EFAE327A4E62B00D58E75;
			remoteInfo = WeatherWidget;
		};
		D89EFAFF27A4E62D00D58E75 /* PBXContainerItemProxy */ = {
			isa = PBXContainerItemProxy;
			containerPortal = D89EFADC27A4E62B00D58E75 /* Project object */;
			proxyType = 1;
			remoteGlobalIDString = D89EFAE327A4E62B00D58E75;
			remoteInfo = WeatherWidget;
		};
/* End PBXContainerItemProxy section */

/* Begin PBXCopyFilesBuildPhase section */
		D84F55DF27A5420F002C1C8B /* Embed App Extensions */ = {
			isa = PBXCopyFilesBuildPhase;
			buildActionMask = 2147483647;
			dstPath = "";
			dstSubfolderSpec = 13;
			files = (
				D84F55DE27A5420F002C1C8B /* WidgetExtension.appex in Embed App Extensions */,
			);
			name = "Embed App Extensions";
			runOnlyForDeploymentPostprocessing = 0;
		};
/* End PBXCopyFilesBuildPhase section */

/* Begin PBXFileReference section */
		D832AB5727AE552500BD23E3 /* WeatherWidget.entitlements */ = {isa = PBXFileReference; lastKnownFileType = text.plist.entitlements; path = WeatherWidget.entitlements; sourceTree = "<group>"; };
		D832AB5927AE571A00BD23E3 /* MockHourly.swift */ = {isa = PBXFileReference; lastKnownFileType = sourcecode.swift; path = MockHourly.swift; sourceTree = "<group>"; };
		D84F55AA27A4FA95002C1C8B /* WeatherViewModel.swift */ = {isa = PBXFileReference; lastKnownFileType = sourcecode.swift; path = WeatherViewModel.swift; sourceTree = "<group>"; };
		D84F55AC27A4FAA9002C1C8B /* WeatherRepository.swift */ = {isa = PBXFileReference; lastKnownFileType = sourcecode.swift; path = WeatherRepository.swift; sourceTree = "<group>"; };
		D84F55AE27A4FABC002C1C8B /* WeatherRepositoryInterface.swift */ = {isa = PBXFileReference; lastKnownFileType = sourcecode.swift; path = WeatherRepositoryInterface.swift; sourceTree = "<group>"; };
		D84F55B027A4FAD2002C1C8B /* WeatherDataStore.swift */ = {isa = PBXFileReference; lastKnownFileType = sourcecode.swift; path = WeatherDataStore.swift; sourceTree = "<group>"; };
		D84F55B227A4FFB1002C1C8B /* WeatherResponseModel.swift */ = {isa = PBXFileReference; lastKnownFileType = sourcecode.swift; path = WeatherResponseModel.swift; sourceTree = "<group>"; };
		D84F55B427A4FFC7002C1C8B /* WeatherRequestModel.swift */ = {isa = PBXFileReference; lastKnownFileType = sourcecode.swift; path = WeatherRequestModel.swift; sourceTree = "<group>"; };
		D84F55BD27A515B5002C1C8B /* RepositoryRocator.swift */ = {isa = PBXFileReference; lastKnownFileType = sourcecode.swift; path = RepositoryRocator.swift; sourceTree = "<group>"; };
		D84F55BF27A52CCA002C1C8B /* AppDelegate.swift */ = {isa = PBXFileReference; lastKnownFileType = sourcecode.swift; path = AppDelegate.swift; sourceTree = "<group>"; };
		D84F55C227A52E7B002C1C8B /* LocationManagerHelper.swift */ = {isa = PBXFileReference; lastKnownFileType = sourcecode.swift; path = LocationManagerHelper.swift; sourceTree = "<group>"; };
		D84F55C527A53423002C1C8B /* CoreLocation.framework */ = {isa = PBXFileReference; lastKnownFileType = wrapper.framework; name = CoreLocation.framework; path = System/Library/Frameworks/CoreLocation.framework; sourceTree = SDKROOT; };
		D84F55C727A53776002C1C8B /* UserRepository.swift */ = {isa = PBXFileReference; lastKnownFileType = sourcecode.swift; path = UserRepository.swift; sourceTree = "<group>"; };
		D84F55C927A5378D002C1C8B /* UserRepositoryInterface.swift */ = {isa = PBXFileReference; lastKnownFileType = sourcecode.swift; path = UserRepositoryInterface.swift; sourceTree = "<group>"; };
		D84F55CB27A537AB002C1C8B /* UserDefaultsDataStore.swift */ = {isa = PBXFileReference; lastKnownFileType = sourcecode.swift; path = UserDefaultsDataStore.swift; sourceTree = "<group>"; };
		D84F55D127A5420D002C1C8B /* WidgetExtension.appex */ = {isa = PBXFileReference; explicitFileType = "wrapper.app-extension"; includeInIndex = 0; path = WidgetExtension.appex; sourceTree = BUILT_PRODUCTS_DIR; };
		D84F55D227A5420D002C1C8B /* WidgetKit.framework */ = {isa = PBXFileReference; lastKnownFileType = wrapper.framework; name = WidgetKit.framework; path = System/Library/Frameworks/WidgetKit.framework; sourceTree = SDKROOT; };
		D84F55D427A5420D002C1C8B /* SwiftUI.framework */ = {isa = PBXFileReference; lastKnownFileType = wrapper.framework; name = SwiftUI.framework; path = System/Library/Frameworks/SwiftUI.framework; sourceTree = SDKROOT; };
		D84F55D927A5420F002C1C8B /* Assets.xcassets */ = {isa = PBXFileReference; lastKnownFileType = folder.assetcatalog; path = Assets.xcassets; sourceTree = "<group>"; };
		D84F55DB27A5420F002C1C8B /* Info.plist */ = {isa = PBXFileReference; lastKnownFileType = text.plist.xml; path = Info.plist; sourceTree = "<group>"; };
		D84F55E727A54477002C1C8B /* WidgetBundle.swift */ = {isa = PBXFileReference; lastKnownFileType = sourcecode.swift; path = WidgetBundle.swift; sourceTree = "<group>"; };
		D84F55E927A5449D002C1C8B /* MediumWidgetMaster.swift */ = {isa = PBXFileReference; lastKnownFileType = sourcecode.swift; path = MediumWidgetMaster.swift; sourceTree = "<group>"; };
		D84F55EB27A544B8002C1C8B /* MediumWidgetView.swift */ = {isa = PBXFileReference; lastKnownFileType = sourcecode.swift; path = MediumWidgetView.swift; sourceTree = "<group>"; };
		D84F55ED27A546BE002C1C8B /* MediumWidgetProvider.swift */ = {isa = PBXFileReference; lastKnownFileType = sourcecode.swift; path = MediumWidgetProvider.swift; sourceTree = "<group>"; };
		D84F55F027A546F2002C1C8B /* MediumWidgetEntryModel.swift */ = {isa = PBXFileReference; lastKnownFileType = sourcecode.swift; path = MediumWidgetEntryModel.swift; sourceTree = "<group>"; };
		D8637D2D27AE6C7A00813D50 /* WidgetExtension.entitlements */ = {isa = PBXFileReference; lastKnownFileType = text.plist.entitlements; path = WidgetExtension.entitlements; sourceTree = "<group>"; };
		D8637D2E27AE87E000813D50 /* WeatherTypeTranslator.swift */ = {isa = PBXFileReference; lastKnownFileType = sourcecode.swift; path = WeatherTypeTranslator.swift; sourceTree = "<group>"; };
		D8637D3227AE88D600813D50 /* WeatherType.swift */ = {isa = PBXFileReference; lastKnownFileType = sourcecode.swift; path = WeatherType.swift; sourceTree = "<group>"; };
		D8637D3527AE8A9000813D50 /* ReverseGeocodeDataStore.swift */ = {isa = PBXFileReference; lastKnownFileType = sourcecode.swift; path = ReverseGeocodeDataStore.swift; sourceTree = "<group>"; };
		D8637D3827AE91D500813D50 /* ReverseGeocodeDataStoreTests.swift */ = {isa = PBXFileReference; lastKnownFileType = sourcecode.swift; path = ReverseGeocodeDataStoreTests.swift; sourceTree = "<group>"; };
		D8637D3B27AE933000813D50 /* TestHelper.swift */ = {isa = PBXFileReference; lastKnownFileType = sourcecode.swift; path = TestHelper.swift; sourceTree = "<group>"; };
		D8637D4027AF8F9C00813D50 /* ReverseGeocodeRepository.swift */ = {isa = PBXFileReference; lastKnownFileType = sourcecode.swift; path = ReverseGeocodeRepository.swift; sourceTree = "<group>"; };
		D8637D4327AF8FAD00813D50 /* ReverseGeocodeRepositoryInterface.swift */ = {isa = PBXFileReference; lastKnownFileType = sourcecode.swift; path = ReverseGeocodeRepositoryInterface.swift; sourceTree = "<group>"; };
		D8637D4627AF938E00813D50 /* ReverseGeocodeResponce.swift */ = {isa = PBXFileReference; lastKnownFileType = sourcecode.swift; path = ReverseGeocodeResponce.swift; sourceTree = "<group>"; };
		D89EFAE427A4E62B00D58E75 /* WeatherWidget.app */ = {isa = PBXFileReference; explicitFileType = wrapper.application; includeInIndex = 0; path = WeatherWidget.app; sourceTree = BUILT_PRODUCTS_DIR; };
		D89EFAE727A4E62B00D58E75 /* WeatherWidgetApp.swift */ = {isa = PBXFileReference; lastKnownFileType = sourcecode.swift; path = WeatherWidgetApp.swift; sourceTree = "<group>"; };
		D89EFAE927A4E62B00D58E75 /* ContentView.swift */ = {isa = PBXFileReference; lastKnownFileType = sourcecode.swift; path = ContentView.swift; sourceTree = "<group>"; };
		D89EFAEB27A4E62C00D58E75 /* Assets.xcassets */ = {isa = PBXFileReference; lastKnownFileType = folder.assetcatalog; path = Assets.xcassets; sourceTree = "<group>"; };
		D89EFAEE27A4E62C00D58E75 /* Preview Assets.xcassets */ = {isa = PBXFileReference; lastKnownFileType = folder.assetcatalog; path = "Preview Assets.xcassets"; sourceTree = "<group>"; };
		D89EFAF427A4E62D00D58E75 /* WeatherWidgetTests.xctest */ = {isa = PBXFileReference; explicitFileType = wrapper.cfbundle; includeInIndex = 0; path = WeatherWidgetTests.xctest; sourceTree = BUILT_PRODUCTS_DIR; };
		D89EFAF827A4E62D00D58E75 /* WeatherDataStoreTests.swift */ = {isa = PBXFileReference; lastKnownFileType = sourcecode.swift; path = WeatherDataStoreTests.swift; sourceTree = "<group>"; };
		D89EFAFE27A4E62D00D58E75 /* WeatherWidgetUITests.xctest */ = {isa = PBXFileReference; explicitFileType = wrapper.cfbundle; includeInIndex = 0; path = WeatherWidgetUITests.xctest; sourceTree = BUILT_PRODUCTS_DIR; };
		D89EFB0227A4E62D00D58E75 /* WeatherWidgetUITests.swift */ = {isa = PBXFileReference; lastKnownFileType = sourcecode.swift; path = WeatherWidgetUITests.swift; sourceTree = "<group>"; };
		D89EFB0427A4E62D00D58E75 /* WeatherWidgetUITestsLaunchTests.swift */ = {isa = PBXFileReference; lastKnownFileType = sourcecode.swift; path = WeatherWidgetUITestsLaunchTests.swift; sourceTree = "<group>"; };
		D89EFB1127A4E6F500D58E75 /* README.md */ = {isa = PBXFileReference; lastKnownFileType = net.daringfireball.markdown; path = README.md; sourceTree = "<group>"; };
		D89EFB1327A4E76D00D58E75 /* Key.swift */ = {isa = PBXFileReference; lastKnownFileType = sourcecode.swift; path = Key.swift; sourceTree = "<group>"; };
/* End PBXFileReference section */

/* Begin PBXFrameworksBuildPhase section */
		D84F55CE27A5420D002C1C8B /* Frameworks */ = {
			isa = PBXFrameworksBuildPhase;
			buildActionMask = 2147483647;
			files = (
				D84F55D527A5420D002C1C8B /* SwiftUI.framework in Frameworks */,
				D84F55D327A5420D002C1C8B /* WidgetKit.framework in Frameworks */,
			);
			runOnlyForDeploymentPostprocessing = 0;
		};
		D89EFAE127A4E62B00D58E75 /* Frameworks */ = {
			isa = PBXFrameworksBuildPhase;
			buildActionMask = 2147483647;
			files = (
				D84F55C627A53423002C1C8B /* CoreLocation.framework in Frameworks */,
			);
			runOnlyForDeploymentPostprocessing = 0;
		};
		D89EFAF127A4E62D00D58E75 /* Frameworks */ = {
			isa = PBXFrameworksBuildPhase;
			buildActionMask = 2147483647;
			files = (
			);
			runOnlyForDeploymentPostprocessing = 0;
		};
		D89EFAFB27A4E62D00D58E75 /* Frameworks */ = {
			isa = PBXFrameworksBuildPhase;
			buildActionMask = 2147483647;
			files = (
			);
			runOnlyForDeploymentPostprocessing = 0;
		};
/* End PBXFrameworksBuildPhase section */

/* Begin PBXGroup section */
		D832AB5827AE56FF00BD23E3 /* mock */ = {
			isa = PBXGroup;
			children = (
				D832AB5927AE571A00BD23E3 /* MockHourly.swift */,
			);
			path = mock;
			sourceTree = "<group>";
		};
		D84F55A427A4F4C8002C1C8B /* Model */ = {
			isa = PBXGroup;
			children = (
				D8637D3127AE88C400813D50 /* Type */,
				D8637D4627AF938E00813D50 /* ReverseGeocodeResponce.swift */,
				D84F55B427A4FFC7002C1C8B /* WeatherRequestModel.swift */,
				D84F55B227A4FFB1002C1C8B /* WeatherResponseModel.swift */,
			);
			path = Model;
			sourceTree = "<group>";
		};
		D84F55A527A4F4D2002C1C8B /* DataStore */ = {
			isa = PBXGroup;
			children = (
				D84F55CB27A537AB002C1C8B /* UserDefaultsDataStore.swift */,
				D84F55B027A4FAD2002C1C8B /* WeatherDataStore.swift */,
				D8637D3527AE8A9000813D50 /* ReverseGeocodeDataStore.swift */,
			);
			path = DataStore;
			sourceTree = "<group>";
		};
		D84F55A627A4F4DC002C1C8B /* Repository */ = {
			isa = PBXGroup;
			children = (
				D84F55BD27A515B5002C1C8B /* RepositoryRocator.swift */,
				D8637D4027AF8F9C00813D50 /* ReverseGeocodeRepository.swift */,
				D8637D4327AF8FAD00813D50 /* ReverseGeocodeRepositoryInterface.swift */,
				D84F55C727A53776002C1C8B /* UserRepository.swift */,
				D84F55C927A5378D002C1C8B /* UserRepositoryInterface.swift */,
				D84F55AC27A4FAA9002C1C8B /* WeatherRepository.swift */,
				D84F55AE27A4FABC002C1C8B /* WeatherRepositoryInterface.swift */,
			);
			path = Repository;
			sourceTree = "<group>";
		};
		D84F55A727A4F4E5002C1C8B /* ViewModel */ = {
			isa = PBXGroup;
			children = (
				D84F55AA27A4FA95002C1C8B /* WeatherViewModel.swift */,
			);
			path = ViewModel;
			sourceTree = "<group>";
		};
		D84F55A827A4F4EB002C1C8B /* View */ = {
			isa = PBXGroup;
			children = (
				D89EFAE927A4E62B00D58E75 /* ContentView.swift */,
			);
			path = View;
			sourceTree = "<group>";
		};
		D84F55A927A4F52B002C1C8B /* Translator */ = {
			isa = PBXGroup;
			children = (
				D8637D2E27AE87E000813D50 /* WeatherTypeTranslator.swift */,
			);
			path = Translator;
			sourceTree = "<group>";
		};
		D84F55C127A52E36002C1C8B /* Helper */ = {
			isa = PBXGroup;
			children = (
				D84F55C227A52E7B002C1C8B /* LocationManagerHelper.swift */,
			);
			path = Helper;
			sourceTree = "<group>";
		};
		D84F55C427A53423002C1C8B /* Frameworks */ = {
			isa = PBXGroup;
			children = (
				D84F55C527A53423002C1C8B /* CoreLocation.framework */,
				D84F55D227A5420D002C1C8B /* WidgetKit.framework */,
				D84F55D427A5420D002C1C8B /* SwiftUI.framework */,
			);
			name = Frameworks;
			sourceTree = "<group>";
		};
		D84F55D627A5420D002C1C8B /* Widget */ = {
			isa = PBXGroup;
			children = (
				D84F55E727A54477002C1C8B /* WidgetBundle.swift */,
				D84F55E527A543FE002C1C8B /* View */,
				D84F55E427A543C4002C1C8B /* TimeLine */,
				D84F55A927A4F52B002C1C8B /* Translator */,
				D84F55D927A5420F002C1C8B /* Assets.xcassets */,
				D84F55DB27A5420F002C1C8B /* Info.plist */,
			);
			path = Widget;
			sourceTree = "<group>";
		};
		D84F55E427A543C4002C1C8B /* TimeLine */ = {
			isa = PBXGroup;
			children = (
				D832AB5827AE56FF00BD23E3 /* mock */,
				D84F55F027A546F2002C1C8B /* MediumWidgetEntryModel.swift */,
				D84F55ED27A546BE002C1C8B /* MediumWidgetProvider.swift */,
			);
			path = TimeLine;
			sourceTree = "<group>";
		};
		D84F55E527A543FE002C1C8B /* View */ = {
			isa = PBXGroup;
			children = (
				D84F55E927A5449D002C1C8B /* MediumWidgetMaster.swift */,
				D84F55EB27A544B8002C1C8B /* MediumWidgetView.swift */,
			);
			path = View;
			sourceTree = "<group>";
		};
		D8637D3127AE88C400813D50 /* Type */ = {
			isa = PBXGroup;
			children = (
				D8637D3227AE88D600813D50 /* WeatherType.swift */,
			);
			path = Type;
			sourceTree = "<group>";
		};
		D8637D3D27AE933300813D50 /* Helper */ = {
			isa = PBXGroup;
			children = (
				D8637D3B27AE933000813D50 /* TestHelper.swift */,
			);
			path = Helper;
			sourceTree = "<group>";
		};
		D89EFADB27A4E62B00D58E75 = {
			isa = PBXGroup;
			children = (
				D8637D2D27AE6C7A00813D50 /* WidgetExtension.entitlements */,
				D89EFB1127A4E6F500D58E75 /* README.md */,
				D89EFAE627A4E62B00D58E75 /* WeatherWidget */,
				D89EFAF727A4E62D00D58E75 /* WeatherWidgetTests */,
				D89EFB0127A4E62D00D58E75 /* WeatherWidgetUITests */,
				D84F55D627A5420D002C1C8B /* Widget */,
				D89EFAE527A4E62B00D58E75 /* Products */,
				D84F55C427A53423002C1C8B /* Frameworks */,
			);
			sourceTree = "<group>";
		};
		D89EFAE527A4E62B00D58E75 /* Products */ = {
			isa = PBXGroup;
			children = (
				D89EFAE427A4E62B00D58E75 /* WeatherWidget.app */,
				D89EFAF427A4E62D00D58E75 /* WeatherWidgetTests.xctest */,
				D89EFAFE27A4E62D00D58E75 /* WeatherWidgetUITests.xctest */,
				D84F55D127A5420D002C1C8B /* WidgetExtension.appex */,
			);
			name = Products;
			sourceTree = "<group>";
		};
		D89EFAE627A4E62B00D58E75 /* WeatherWidget */ = {
			isa = PBXGroup;
			children = (
				D832AB5727AE552500BD23E3 /* WeatherWidget.entitlements */,
				D89EFAE727A4E62B00D58E75 /* WeatherWidgetApp.swift */,
				D84F55BF27A52CCA002C1C8B /* AppDelegate.swift */,
				D84F55A427A4F4C8002C1C8B /* Model */,
				D84F55A827A4F4EB002C1C8B /* View */,
				D84F55A727A4F4E5002C1C8B /* ViewModel */,
				D84F55C127A52E36002C1C8B /* Helper */,
				D84F55A627A4F4DC002C1C8B /* Repository */,
				D84F55A527A4F4D2002C1C8B /* DataStore */,
				D89EFB1227A4E73C00D58E75 /* Secret */,
				D89EFAEB27A4E62C00D58E75 /* Assets.xcassets */,
				D89EFAED27A4E62C00D58E75 /* Preview Content */,
			);
			path = WeatherWidget;
			sourceTree = "<group>";
		};
		D89EFAED27A4E62C00D58E75 /* Preview Content */ = {
			isa = PBXGroup;
			children = (
				D89EFAEE27A4E62C00D58E75 /* Preview Assets.xcassets */,
			);
			path = "Preview Content";
			sourceTree = "<group>";
		};
		D89EFAF727A4E62D00D58E75 /* WeatherWidgetTests */ = {
			isa = PBXGroup;
			children = (
				D8637D3D27AE933300813D50 /* Helper */,
				D8637D3827AE91D500813D50 /* ReverseGeocodeDataStoreTests.swift */,
				D89EFAF827A4E62D00D58E75 /* WeatherDataStoreTests.swift */,
			);
			path = WeatherWidgetTests;
			sourceTree = "<group>";
		};
		D89EFB0127A4E62D00D58E75 /* WeatherWidgetUITests */ = {
			isa = PBXGroup;
			children = (
				D89EFB0227A4E62D00D58E75 /* WeatherWidgetUITests.swift */,
				D89EFB0427A4E62D00D58E75 /* WeatherWidgetUITestsLaunchTests.swift */,
			);
			path = WeatherWidgetUITests;
			sourceTree = "<group>";
		};
		D89EFB1227A4E73C00D58E75 /* Secret */ = {
			isa = PBXGroup;
			children = (
				D89EFB1327A4E76D00D58E75 /* Key.swift */,
			);
			path = Secret;
			sourceTree = "<group>";
		};
/* End PBXGroup section */

/* Begin PBXNativeTarget section */
		D84F55D027A5420D002C1C8B /* WidgetExtension */ = {
			isa = PBXNativeTarget;
			buildConfigurationList = D84F55E227A5420F002C1C8B /* Build configuration list for PBXNativeTarget "WidgetExtension" */;
			buildPhases = (
				D84F55CD27A5420D002C1C8B /* Sources */,
				D84F55CE27A5420D002C1C8B /* Frameworks */,
				D84F55CF27A5420D002C1C8B /* Resources */,
			);
			buildRules = (
			);
			dependencies = (
			);
			name = WidgetExtension;
			productName = WidgetExtension;
			productReference = D84F55D127A5420D002C1C8B /* WidgetExtension.appex */;
			productType = "com.apple.product-type.app-extension";
		};
		D89EFAE327A4E62B00D58E75 /* WeatherWidget */ = {
			isa = PBXNativeTarget;
			buildConfigurationList = D89EFB0827A4E62D00D58E75 /* Build configuration list for PBXNativeTarget "WeatherWidget" */;
			buildPhases = (
				D89EFAE027A4E62B00D58E75 /* Sources */,
				D89EFAE127A4E62B00D58E75 /* Frameworks */,
				D89EFAE227A4E62B00D58E75 /* Resources */,
				D84F55DF27A5420F002C1C8B /* Embed App Extensions */,
			);
			buildRules = (
			);
			dependencies = (
				D84F55DD27A5420F002C1C8B /* PBXTargetDependency */,
			);
			name = WeatherWidget;
			productName = WeatherWidget;
			productReference = D89EFAE427A4E62B00D58E75 /* WeatherWidget.app */;
			productType = "com.apple.product-type.application";
		};
		D89EFAF327A4E62D00D58E75 /* WeatherWidgetTests */ = {
			isa = PBXNativeTarget;
			buildConfigurationList = D89EFB0B27A4E62D00D58E75 /* Build configuration list for PBXNativeTarget "WeatherWidgetTests" */;
			buildPhases = (
				D89EFAF027A4E62D00D58E75 /* Sources */,
				D89EFAF127A4E62D00D58E75 /* Frameworks */,
				D89EFAF227A4E62D00D58E75 /* Resources */,
			);
			buildRules = (
			);
			dependencies = (
				D89EFAF627A4E62D00D58E75 /* PBXTargetDependency */,
			);
			name = WeatherWidgetTests;
			productName = WeatherWidgetTests;
			productReference = D89EFAF427A4E62D00D58E75 /* WeatherWidgetTests.xctest */;
			productType = "com.apple.product-type.bundle.unit-test";
		};
		D89EFAFD27A4E62D00D58E75 /* WeatherWidgetUITests */ = {
			isa = PBXNativeTarget;
			buildConfigurationList = D89EFB0E27A4E62D00D58E75 /* Build configuration list for PBXNativeTarget "WeatherWidgetUITests" */;
			buildPhases = (
				D89EFAFA27A4E62D00D58E75 /* Sources */,
				D89EFAFB27A4E62D00D58E75 /* Frameworks */,
				D89EFAFC27A4E62D00D58E75 /* Resources */,
			);
			buildRules = (
			);
			dependencies = (
				D89EFB0027A4E62D00D58E75 /* PBXTargetDependency */,
			);
			name = WeatherWidgetUITests;
			productName = WeatherWidgetUITests;
			productReference = D89EFAFE27A4E62D00D58E75 /* WeatherWidgetUITests.xctest */;
			productType = "com.apple.product-type.bundle.ui-testing";
		};
/* End PBXNativeTarget section */

/* Begin PBXProject section */
		D89EFADC27A4E62B00D58E75 /* Project object */ = {
			isa = PBXProject;
			attributes = {
				BuildIndependentTargetsInParallel = 1;
				LastSwiftUpdateCheck = 1320;
				LastUpgradeCheck = 1320;
				TargetAttributes = {
					D84F55D027A5420D002C1C8B = {
						CreatedOnToolsVersion = 13.2.1;
					};
					D89EFAE327A4E62B00D58E75 = {
						CreatedOnToolsVersion = 13.2.1;
					};
					D89EFAF327A4E62D00D58E75 = {
						CreatedOnToolsVersion = 13.2.1;
						TestTargetID = D89EFAE327A4E62B00D58E75;
					};
					D89EFAFD27A4E62D00D58E75 = {
						CreatedOnToolsVersion = 13.2.1;
						TestTargetID = D89EFAE327A4E62B00D58E75;
					};
				};
			};
			buildConfigurationList = D89EFADF27A4E62B00D58E75 /* Build configuration list for PBXProject "WeatherWidget" */;
			compatibilityVersion = "Xcode 13.0";
			developmentRegion = en;
			hasScannedForEncodings = 0;
			knownRegions = (
				en,
				Base,
			);
			mainGroup = D89EFADB27A4E62B00D58E75;
			productRefGroup = D89EFAE527A4E62B00D58E75 /* Products */;
			projectDirPath = "";
			projectRoot = "";
			targets = (
				D89EFAE327A4E62B00D58E75 /* WeatherWidget */,
				D89EFAF327A4E62D00D58E75 /* WeatherWidgetTests */,
				D89EFAFD27A4E62D00D58E75 /* WeatherWidgetUITests */,
				D84F55D027A5420D002C1C8B /* WidgetExtension */,
			);
		};
/* End PBXProject section */

/* Begin PBXResourcesBuildPhase section */
		D84F55CF27A5420D002C1C8B /* Resources */ = {
			isa = PBXResourcesBuildPhase;
			buildActionMask = 2147483647;
			files = (
				D84F55DA27A5420F002C1C8B /* Assets.xcassets in Resources */,
			);
			runOnlyForDeploymentPostprocessing = 0;
		};
		D89EFAE227A4E62B00D58E75 /* Resources */ = {
			isa = PBXResourcesBuildPhase;
			buildActionMask = 2147483647;
			files = (
				D89EFAEF27A4E62C00D58E75 /* Preview Assets.xcassets in Resources */,
				D89EFAEC27A4E62C00D58E75 /* Assets.xcassets in Resources */,
			);
			runOnlyForDeploymentPostprocessing = 0;
		};
		D89EFAF227A4E62D00D58E75 /* Resources */ = {
			isa = PBXResourcesBuildPhase;
			buildActionMask = 2147483647;
			files = (
			);
			runOnlyForDeploymentPostprocessing = 0;
		};
		D89EFAFC27A4E62D00D58E75 /* Resources */ = {
			isa = PBXResourcesBuildPhase;
			buildActionMask = 2147483647;
			files = (
			);
			runOnlyForDeploymentPostprocessing = 0;
		};
/* End PBXResourcesBuildPhase section */

/* Begin PBXSourcesBuildPhase section */
		D84F55CD27A5420D002C1C8B /* Sources */ = {
			isa = PBXSourcesBuildPhase;
			buildActionMask = 2147483647;
			files = (
				D84F55F627A54B64002C1C8B /* WeatherRepositoryInterface.swift in Sources */,
				D84F55F727A54B72002C1C8B /* WeatherResponseModel.swift in Sources */,
				D84F55F927A54C8E002C1C8B /* Key.swift in Sources */,
				D84F55F527A54B5F002C1C8B /* WeatherRepository.swift in Sources */,
				D832AB5F27AE5A1C00BD23E3 /* UserDefaultsDataStore.swift in Sources */,
				D832AB5D27AE5A0100BD23E3 /* UserRepositoryInterface.swift in Sources */,
				D832AB5B27AE594200BD23E3 /* MockHourly.swift in Sources */,
				D8637D3727AE8A9000813D50 /* ReverseGeocodeDataStore.swift in Sources */,
				D832AB5627AD2D8200BD23E3 /* RepositoryRocator.swift in Sources */,
				D84F55F327A54B4F002C1C8B /* WeatherDataStore.swift in Sources */,
				D832AB5E27AE5A1300BD23E3 /* UserRepository.swift in Sources */,
				D84F55F827A54B75002C1C8B /* WeatherRequestModel.swift in Sources */,
				D84F55F127A546F2002C1C8B /* MediumWidgetEntryModel.swift in Sources */,
				D84F55EC27A544B8002C1C8B /* MediumWidgetView.swift in Sources */,
				D84F55E827A54477002C1C8B /* WidgetBundle.swift in Sources */,
				D8637D4527AF8FAD00813D50 /* ReverseGeocodeRepositoryInterface.swift in Sources */,
				D8637D4227AF8F9C00813D50 /* ReverseGeocodeRepository.swift in Sources */,
				D84F55EE27A546BE002C1C8B /* MediumWidgetProvider.swift in Sources */,
				D84F55EA27A5449D002C1C8B /* MediumWidgetMaster.swift in Sources */,
				D8637D3427AE88DA00813D50 /* WeatherType.swift in Sources */,
				D8637D4927AF938E00813D50 /* ReverseGeocodeResponce.swift in Sources */,
				D8637D3027AE883100813D50 /* WeatherTypeTranslator.swift in Sources */,
			);
			runOnlyForDeploymentPostprocessing = 0;
		};
		D89EFAE027A4E62B00D58E75 /* Sources */ = {
			isa = PBXSourcesBuildPhase;
			buildActionMask = 2147483647;
			files = (
				D84F55C827A53776002C1C8B /* UserRepository.swift in Sources */,
				D8637D4427AF8FAD00813D50 /* ReverseGeocodeRepositoryInterface.swift in Sources */,
				D84F55C027A52CCA002C1C8B /* AppDelegate.swift in Sources */,
				D89EFAEA27A4E62B00D58E75 /* ContentView.swift in Sources */,
				D84F55C327A52E7B002C1C8B /* LocationManagerHelper.swift in Sources */,
				D84F55CA27A5378D002C1C8B /* UserRepositoryInterface.swift in Sources */,
				D832AB6027AE664600BD23E3 /* MediumWidgetProvider.swift in Sources */,
				D84F55CC27A537AB002C1C8B /* UserDefaultsDataStore.swift in Sources */,
				D8637D3627AE8A9000813D50 /* ReverseGeocodeDataStore.swift in Sources */,
				D84F55AB27A4FA95002C1C8B /* WeatherViewModel.swift in Sources */,
				D84F55AD27A4FAA9002C1C8B /* WeatherRepository.swift in Sources */,
				D89EFAE827A4E62B00D58E75 /* WeatherWidgetApp.swift in Sources */,
				D84F55B127A4FAD2002C1C8B /* WeatherDataStore.swift in Sources */,
				D84F55B327A4FFB1002C1C8B /* WeatherResponseModel.swift in Sources */,
				D84F55B527A4FFC7002C1C8B /* WeatherRequestModel.swift in Sources */,
				D84F55AF27A4FABC002C1C8B /* WeatherRepositoryInterface.swift in Sources */,
				D84F55BE27A515B5002C1C8B /* RepositoryRocator.swift in Sources */,
				D832AB6127AE665400BD23E3 /* MockHourly.swift in Sources */,
				D8637D3327AE88D600813D50 /* WeatherType.swift in Sources */,
				D8637D4727AF938E00813D50 /* ReverseGeocodeResponce.swift in Sources */,
				D89EFB1427A4E76D00D58E75 /* Key.swift in Sources */,
				D8637D3F27AE93DB00813D50 /* MediumWidgetEntryModel.swift in Sources */,
				D8637D4127AF8F9C00813D50 /* ReverseGeocodeRepository.swift in Sources */,
			);
			runOnlyForDeploymentPostprocessing = 0;
		};
		D89EFAF027A4E62D00D58E75 /* Sources */ = {
			isa = PBXSourcesBuildPhase;
			buildActionMask = 2147483647;
			files = (
				D84F55B627A50DBD002C1C8B /* WeatherDataStore.swift in Sources */,
				D8637D4827AF938E00813D50 /* ReverseGeocodeResponce.swift in Sources */,
				D8637D3927AE91D500813D50 /* ReverseGeocodeDataStoreTests.swift in Sources */,
				D84F55BC27A50F8E002C1C8B /* Key.swift in Sources */,
				D8637D3C27AE933000813D50 /* TestHelper.swift in Sources */,
				D84F55BA27A50DDA002C1C8B /* WeatherResponseModel.swift in Sources */,
				D8637D3A27AE92F500813D50 /* ReverseGeocodeDataStore.swift in Sources */,
				D84F55BB27A50DDD002C1C8B /* WeatherRequestModel.swift in Sources */,
				D89EFAF927A4E62D00D58E75 /* WeatherDataStoreTests.swift in Sources */,
			);
			runOnlyForDeploymentPostprocessing = 0;
		};
		D89EFAFA27A4E62D00D58E75 /* Sources */ = {
			isa = PBXSourcesBuildPhase;
			buildActionMask = 2147483647;
			files = (
				D89EFB0327A4E62D00D58E75 /* WeatherWidgetUITests.swift in Sources */,
				D89EFB0527A4E62D00D58E75 /* WeatherWidgetUITestsLaunchTests.swift in Sources */,
			);
			runOnlyForDeploymentPostprocessing = 0;
		};
/* End PBXSourcesBuildPhase section */

/* Begin PBXTargetDependency section */
		D84F55DD27A5420F002C1C8B /* PBXTargetDependency */ = {
			isa = PBXTargetDependency;
			target = D84F55D027A5420D002C1C8B /* WidgetExtension */;
			targetProxy = D84F55DC27A5420F002C1C8B /* PBXContainerItemProxy */;
		};
		D89EFAF627A4E62D00D58E75 /* PBXTargetDependency */ = {
			isa = PBXTargetDependency;
			target = D89EFAE327A4E62B00D58E75 /* WeatherWidget */;
			targetProxy = D89EFAF527A4E62D00D58E75 /* PBXContainerItemProxy */;
		};
		D89EFB0027A4E62D00D58E75 /* PBXTargetDependency */ = {
			isa = PBXTargetDependency;
			target = D89EFAE327A4E62B00D58E75 /* WeatherWidget */;
			targetProxy = D89EFAFF27A4E62D00D58E75 /* PBXContainerItemProxy */;
		};
/* End PBXTargetDependency section */

/* Begin XCBuildConfiguration section */
		D84F55E027A5420F002C1C8B /* Debug */ = {
			isa = XCBuildConfiguration;
			buildSettings = {
				ASSETCATALOG_COMPILER_GLOBAL_ACCENT_COLOR_NAME = AccentColor;
				ASSETCATALOG_COMPILER_WIDGET_BACKGROUND_COLOR_NAME = WidgetBackground;
				CODE_SIGN_ENTITLEMENTS = WidgetExtension.entitlements;
				CODE_SIGN_STYLE = Automatic;
				CURRENT_PROJECT_VERSION = 1;
				DEVELOPMENT_TEAM = ZXZ96723Y7;
				GENERATE_INFOPLIST_FILE = YES;
				INFOPLIST_FILE = Widget/Info.plist;
				INFOPLIST_KEY_CFBundleDisplayName = Widget;
				INFOPLIST_KEY_NSHumanReadableCopyright = "";
				LD_RUNPATH_SEARCH_PATHS = (
					"$(inherited)",
					"@executable_path/Frameworks",
					"@executable_path/../../Frameworks",
				);
				MARKETING_VERSION = 1.0;
				PRODUCT_BUNDLE_IDENTIFIER = com.ken.WeatherWidget.Widget;
				PRODUCT_NAME = "$(TARGET_NAME)";
				SKIP_INSTALL = YES;
				SWIFT_EMIT_LOC_STRINGS = YES;
				SWIFT_VERSION = 5.0;
				TARGETED_DEVICE_FAMILY = "1,2";
			};
			name = Debug;
		};
		D84F55E127A5420F002C1C8B /* Release */ = {
			isa = XCBuildConfiguration;
			buildSettings = {
				ASSETCATALOG_COMPILER_GLOBAL_ACCENT_COLOR_NAME = AccentColor;
				ASSETCATALOG_COMPILER_WIDGET_BACKGROUND_COLOR_NAME = WidgetBackground;
				CODE_SIGN_ENTITLEMENTS = WidgetExtension.entitlements;
				CODE_SIGN_STYLE = Automatic;
				CURRENT_PROJECT_VERSION = 1;
				DEVELOPMENT_TEAM = ZXZ96723Y7;
				GENERATE_INFOPLIST_FILE = YES;
				INFOPLIST_FILE = Widget/Info.plist;
				INFOPLIST_KEY_CFBundleDisplayName = Widget;
				INFOPLIST_KEY_NSHumanReadableCopyright = "";
				LD_RUNPATH_SEARCH_PATHS = (
					"$(inherited)",
					"@executable_path/Frameworks",
					"@executable_path/../../Frameworks",
				);
				MARKETING_VERSION = 1.0;
				PRODUCT_BUNDLE_IDENTIFIER = com.ken.WeatherWidget.Widget;
				PRODUCT_NAME = "$(TARGET_NAME)";
				SKIP_INSTALL = YES;
				SWIFT_EMIT_LOC_STRINGS = YES;
				SWIFT_VERSION = 5.0;
				TARGETED_DEVICE_FAMILY = "1,2";
			};
			name = Release;
		};
		D89EFB0627A4E62D00D58E75 /* Debug */ = {
			isa = XCBuildConfiguration;
			buildSettings = {
				ALWAYS_SEARCH_USER_PATHS = NO;
				CLANG_ANALYZER_NONNULL = YES;
				CLANG_ANALYZER_NUMBER_OBJECT_CONVERSION = YES_AGGRESSIVE;
				CLANG_CXX_LANGUAGE_STANDARD = "gnu++17";
				CLANG_CXX_LIBRARY = "libc++";
				CLANG_ENABLE_MODULES = YES;
				CLANG_ENABLE_OBJC_ARC = YES;
				CLANG_ENABLE_OBJC_WEAK = YES;
				CLANG_WARN_BLOCK_CAPTURE_AUTORELEASING = YES;
				CLANG_WARN_BOOL_CONVERSION = YES;
				CLANG_WARN_COMMA = YES;
				CLANG_WARN_CONSTANT_CONVERSION = YES;
				CLANG_WARN_DEPRECATED_OBJC_IMPLEMENTATIONS = YES;
				CLANG_WARN_DIRECT_OBJC_ISA_USAGE = YES_ERROR;
				CLANG_WARN_DOCUMENTATION_COMMENTS = YES;
				CLANG_WARN_EMPTY_BODY = YES;
				CLANG_WARN_ENUM_CONVERSION = YES;
				CLANG_WARN_INFINITE_RECURSION = YES;
				CLANG_WARN_INT_CONVERSION = YES;
				CLANG_WARN_NON_LITERAL_NULL_CONVERSION = YES;
				CLANG_WARN_OBJC_IMPLICIT_RETAIN_SELF = YES;
				CLANG_WARN_OBJC_LITERAL_CONVERSION = YES;
				CLANG_WARN_OBJC_ROOT_CLASS = YES_ERROR;
				CLANG_WARN_QUOTED_INCLUDE_IN_FRAMEWORK_HEADER = YES;
				CLANG_WARN_RANGE_LOOP_ANALYSIS = YES;
				CLANG_WARN_STRICT_PROTOTYPES = YES;
				CLANG_WARN_SUSPICIOUS_MOVE = YES;
				CLANG_WARN_UNGUARDED_AVAILABILITY = YES_AGGRESSIVE;
				CLANG_WARN_UNREACHABLE_CODE = YES;
				CLANG_WARN__DUPLICATE_METHOD_MATCH = YES;
				COPY_PHASE_STRIP = NO;
				DEBUG_INFORMATION_FORMAT = dwarf;
				ENABLE_STRICT_OBJC_MSGSEND = YES;
				ENABLE_TESTABILITY = YES;
				GCC_C_LANGUAGE_STANDARD = gnu11;
				GCC_DYNAMIC_NO_PIC = NO;
				GCC_NO_COMMON_BLOCKS = YES;
				GCC_OPTIMIZATION_LEVEL = 0;
				GCC_PREPROCESSOR_DEFINITIONS = (
					"DEBUG=1",
					"$(inherited)",
				);
				GCC_WARN_64_TO_32_BIT_CONVERSION = YES;
				GCC_WARN_ABOUT_RETURN_TYPE = YES_ERROR;
				GCC_WARN_UNDECLARED_SELECTOR = YES;
				GCC_WARN_UNINITIALIZED_AUTOS = YES_AGGRESSIVE;
				GCC_WARN_UNUSED_FUNCTION = YES;
				GCC_WARN_UNUSED_VARIABLE = YES;
				IPHONEOS_DEPLOYMENT_TARGET = 15.2;
				MTL_ENABLE_DEBUG_INFO = INCLUDE_SOURCE;
				MTL_FAST_MATH = YES;
				ONLY_ACTIVE_ARCH = YES;
				SDKROOT = iphoneos;
				SWIFT_ACTIVE_COMPILATION_CONDITIONS = DEBUG;
				SWIFT_OPTIMIZATION_LEVEL = "-Onone";
			};
			name = Debug;
		};
		D89EFB0727A4E62D00D58E75 /* Release */ = {
			isa = XCBuildConfiguration;
			buildSettings = {
				ALWAYS_SEARCH_USER_PATHS = NO;
				CLANG_ANALYZER_NONNULL = YES;
				CLANG_ANALYZER_NUMBER_OBJECT_CONVERSION = YES_AGGRESSIVE;
				CLANG_CXX_LANGUAGE_STANDARD = "gnu++17";
				CLANG_CXX_LIBRARY = "libc++";
				CLANG_ENABLE_MODULES = YES;
				CLANG_ENABLE_OBJC_ARC = YES;
				CLANG_ENABLE_OBJC_WEAK = YES;
				CLANG_WARN_BLOCK_CAPTURE_AUTORELEASING = YES;
				CLANG_WARN_BOOL_CONVERSION = YES;
				CLANG_WARN_COMMA = YES;
				CLANG_WARN_CONSTANT_CONVERSION = YES;
				CLANG_WARN_DEPRECATED_OBJC_IMPLEMENTATIONS = YES;
				CLANG_WARN_DIRECT_OBJC_ISA_USAGE = YES_ERROR;
				CLANG_WARN_DOCUMENTATION_COMMENTS = YES;
				CLANG_WARN_EMPTY_BODY = YES;
				CLANG_WARN_ENUM_CONVERSION = YES;
				CLANG_WARN_INFINITE_RECURSION = YES;
				CLANG_WARN_INT_CONVERSION = YES;
				CLANG_WARN_NON_LITERAL_NULL_CONVERSION = YES;
				CLANG_WARN_OBJC_IMPLICIT_RETAIN_SELF = YES;
				CLANG_WARN_OBJC_LITERAL_CONVERSION = YES;
				CLANG_WARN_OBJC_ROOT_CLASS = YES_ERROR;
				CLANG_WARN_QUOTED_INCLUDE_IN_FRAMEWORK_HEADER = YES;
				CLANG_WARN_RANGE_LOOP_ANALYSIS = YES;
				CLANG_WARN_STRICT_PROTOTYPES = YES;
				CLANG_WARN_SUSPICIOUS_MOVE = YES;
				CLANG_WARN_UNGUARDED_AVAILABILITY = YES_AGGRESSIVE;
				CLANG_WARN_UNREACHABLE_CODE = YES;
				CLANG_WARN__DUPLICATE_METHOD_MATCH = YES;
				COPY_PHASE_STRIP = NO;
				DEBUG_INFORMATION_FORMAT = "dwarf-with-dsym";
				ENABLE_NS_ASSERTIONS = NO;
				ENABLE_STRICT_OBJC_MSGSEND = YES;
				GCC_C_LANGUAGE_STANDARD = gnu11;
				GCC_NO_COMMON_BLOCKS = YES;
				GCC_WARN_64_TO_32_BIT_CONVERSION = YES;
				GCC_WARN_ABOUT_RETURN_TYPE = YES_ERROR;
				GCC_WARN_UNDECLARED_SELECTOR = YES;
				GCC_WARN_UNINITIALIZED_AUTOS = YES_AGGRESSIVE;
				GCC_WARN_UNUSED_FUNCTION = YES;
				GCC_WARN_UNUSED_VARIABLE = YES;
				IPHONEOS_DEPLOYMENT_TARGET = 15.2;
				MTL_ENABLE_DEBUG_INFO = NO;
				MTL_FAST_MATH = YES;
				SDKROOT = iphoneos;
				SWIFT_COMPILATION_MODE = wholemodule;
				SWIFT_OPTIMIZATION_LEVEL = "-O";
				VALIDATE_PRODUCT = YES;
			};
			name = Release;
		};
		D89EFB0927A4E62D00D58E75 /* Debug */ = {
			isa = XCBuildConfiguration;
			buildSettings = {
				ALWAYS_EMBED_SWIFT_STANDARD_LIBRARIES = YES;
				ASSETCATALOG_COMPILER_APPICON_NAME = AppIcon;
				ASSETCATALOG_COMPILER_GLOBAL_ACCENT_COLOR_NAME = AccentColor;
				CODE_SIGN_ENTITLEMENTS = WeatherWidget/WeatherWidget.entitlements;
				CODE_SIGN_STYLE = Automatic;
				CURRENT_PROJECT_VERSION = 1;
				DEVELOPMENT_ASSET_PATHS = "\"WeatherWidget/Preview Content\"";
				DEVELOPMENT_TEAM = ZXZ96723Y7;
				ENABLE_PREVIEWS = YES;
				GENERATE_INFOPLIST_FILE = YES;
				INFOPLIST_KEY_NSLocationWhenInUseUsageDescription = "このアプリは位置情報を必要とします";
				INFOPLIST_KEY_UIApplicationSceneManifest_Generation = YES;
				INFOPLIST_KEY_UIApplicationSupportsIndirectInputEvents = YES;
				INFOPLIST_KEY_UILaunchScreen_Generation = YES;
				INFOPLIST_KEY_UISupportedInterfaceOrientations_iPad = "UIInterfaceOrientationPortrait UIInterfaceOrientationPortraitUpsideDown UIInterfaceOrientationLandscapeLeft UIInterfaceOrientationLandscapeRight";
				INFOPLIST_KEY_UISupportedInterfaceOrientations_iPhone = "UIInterfaceOrientationPortrait UIInterfaceOrientationLandscapeLeft UIInterfaceOrientationLandscapeRight";
				LD_RUNPATH_SEARCH_PATHS = (
					"$(inherited)",
					"@executable_path/Frameworks",
				);
				MARKETING_VERSION = 1.0;
				PRODUCT_BUNDLE_IDENTIFIER = com.ken.WeatherWidget;
				PRODUCT_NAME = "$(TARGET_NAME)";
				SWIFT_EMIT_LOC_STRINGS = YES;
				SWIFT_VERSION = 5.0;
				TARGETED_DEVICE_FAMILY = "1,2";
			};
			name = Debug;
		};
		D89EFB0A27A4E62D00D58E75 /* Release */ = {
			isa = XCBuildConfiguration;
			buildSettings = {
				ALWAYS_EMBED_SWIFT_STANDARD_LIBRARIES = YES;
				ASSETCATALOG_COMPILER_APPICON_NAME = AppIcon;
				ASSETCATALOG_COMPILER_GLOBAL_ACCENT_COLOR_NAME = AccentColor;
				CODE_SIGN_ENTITLEMENTS = WeatherWidget/WeatherWidget.entitlements;
				CODE_SIGN_STYLE = Automatic;
				CURRENT_PROJECT_VERSION = 1;
				DEVELOPMENT_ASSET_PATHS = "\"WeatherWidget/Preview Content\"";
				DEVELOPMENT_TEAM = ZXZ96723Y7;
				ENABLE_PREVIEWS = YES;
				GENERATE_INFOPLIST_FILE = YES;
				INFOPLIST_KEY_NSLocationWhenInUseUsageDescription = "このアプリは位置情報を必要とします";
				INFOPLIST_KEY_UIApplicationSceneManifest_Generation = YES;
				INFOPLIST_KEY_UIApplicationSupportsIndirectInputEvents = YES;
				INFOPLIST_KEY_UILaunchScreen_Generation = YES;
				INFOPLIST_KEY_UISupportedInterfaceOrientations_iPad = "UIInterfaceOrientationPortrait UIInterfaceOrientationPortraitUpsideDown UIInterfaceOrientationLandscapeLeft UIInterfaceOrientationLandscapeRight";
				INFOPLIST_KEY_UISupportedInterfaceOrientations_iPhone = "UIInterfaceOrientationPortrait UIInterfaceOrientationLandscapeLeft UIInterfaceOrientationLandscapeRight";
				LD_RUNPATH_SEARCH_PATHS = (
					"$(inherited)",
					"@executable_path/Frameworks",
				);
				MARKETING_VERSION = 1.0;
				PRODUCT_BUNDLE_IDENTIFIER = com.ken.WeatherWidget;
				PRODUCT_NAME = "$(TARGET_NAME)";
				SWIFT_EMIT_LOC_STRINGS = YES;
				SWIFT_VERSION = 5.0;
				TARGETED_DEVICE_FAMILY = "1,2";
			};
			name = Release;
		};
		D89EFB0C27A4E62D00D58E75 /* Debug */ = {
			isa = XCBuildConfiguration;
			buildSettings = {
				ALWAYS_EMBED_SWIFT_STANDARD_LIBRARIES = YES;
				BUNDLE_LOADER = "$(TEST_HOST)";
				CODE_SIGN_STYLE = Automatic;
				CURRENT_PROJECT_VERSION = 1;
				DEVELOPMENT_TEAM = ZXZ96723Y7;
				GENERATE_INFOPLIST_FILE = YES;
				IPHONEOS_DEPLOYMENT_TARGET = 15.2;
				MARKETING_VERSION = 1.0;
				PRODUCT_BUNDLE_IDENTIFIER = com.ken.WeatherWidgetTests;
				PRODUCT_NAME = "$(TARGET_NAME)";
				SWIFT_EMIT_LOC_STRINGS = NO;
				SWIFT_VERSION = 5.0;
				TARGETED_DEVICE_FAMILY = "1,2";
				TEST_HOST = "$(BUILT_PRODUCTS_DIR)/WeatherWidget.app/WeatherWidget";
			};
			name = Debug;
		};
		D89EFB0D27A4E62D00D58E75 /* Release */ = {
			isa = XCBuildConfiguration;
			buildSettings = {
				ALWAYS_EMBED_SWIFT_STANDARD_LIBRARIES = YES;
				BUNDLE_LOADER = "$(TEST_HOST)";
				CODE_SIGN_STYLE = Automatic;
				CURRENT_PROJECT_VERSION = 1;
				DEVELOPMENT_TEAM = ZXZ96723Y7;
				GENERATE_INFOPLIST_FILE = YES;
				IPHONEOS_DEPLOYMENT_TARGET = 15.2;
				MARKETING_VERSION = 1.0;
				PRODUCT_BUNDLE_IDENTIFIER = com.ken.WeatherWidgetTests;
				PRODUCT_NAME = "$(TARGET_NAME)";
				SWIFT_EMIT_LOC_STRINGS = NO;
				SWIFT_VERSION = 5.0;
				TARGETED_DEVICE_FAMILY = "1,2";
				TEST_HOST = "$(BUILT_PRODUCTS_DIR)/WeatherWidget.app/WeatherWidget";
			};
			name = Release;
		};
		D89EFB0F27A4E62D00D58E75 /* Debug */ = {
			isa = XCBuildConfiguration;
			buildSettings = {
				ALWAYS_EMBED_SWIFT_STANDARD_LIBRARIES = YES;
				CODE_SIGN_STYLE = Automatic;
				CURRENT_PROJECT_VERSION = 1;
				DEVELOPMENT_TEAM = ZXZ96723Y7;
				GENERATE_INFOPLIST_FILE = YES;
				MARKETING_VERSION = 1.0;
				PRODUCT_BUNDLE_IDENTIFIER = com.ken.WeatherWidgetUITests;
				PRODUCT_NAME = "$(TARGET_NAME)";
				SWIFT_EMIT_LOC_STRINGS = NO;
				SWIFT_VERSION = 5.0;
				TARGETED_DEVICE_FAMILY = "1,2";
				TEST_TARGET_NAME = WeatherWidget;
			};
			name = Debug;
		};
		D89EFB1027A4E62D00D58E75 /* Release */ = {
			isa = XCBuildConfiguration;
			buildSettings = {
				ALWAYS_EMBED_SWIFT_STANDARD_LIBRARIES = YES;
				CODE_SIGN_STYLE = Automatic;
				CURRENT_PROJECT_VERSION = 1;
				DEVELOPMENT_TEAM = ZXZ96723Y7;
				GENERATE_INFOPLIST_FILE = YES;
				MARKETING_VERSION = 1.0;
				PRODUCT_BUNDLE_IDENTIFIER = com.ken.WeatherWidgetUITests;
				PRODUCT_NAME = "$(TARGET_NAME)";
				SWIFT_EMIT_LOC_STRINGS = NO;
				SWIFT_VERSION = 5.0;
				TARGETED_DEVICE_FAMILY = "1,2";
				TEST_TARGET_NAME = WeatherWidget;
			};
			name = Release;
		};
/* End XCBuildConfiguration section */

/* Begin XCConfigurationList section */
		D84F55E227A5420F002C1C8B /* Build configuration list for PBXNativeTarget "WidgetExtension" */ = {
			isa = XCConfigurationList;
			buildConfigurations = (
				D84F55E027A5420F002C1C8B /* Debug */,
				D84F55E127A5420F002C1C8B /* Release */,
			);
			defaultConfigurationIsVisible = 0;
			defaultConfigurationName = Release;
		};
		D89EFADF27A4E62B00D58E75 /* Build configuration list for PBXProject "WeatherWidget" */ = {
			isa = XCConfigurationList;
			buildConfigurations = (
				D89EFB0627A4E62D00D58E75 /* Debug */,
				D89EFB0727A4E62D00D58E75 /* Release */,
			);
			defaultConfigurationIsVisible = 0;
			defaultConfigurationName = Release;
		};
		D89EFB0827A4E62D00D58E75 /* Build configuration list for PBXNativeTarget "WeatherWidget" */ = {
			isa = XCConfigurationList;
			buildConfigurations = (
				D89EFB0927A4E62D00D58E75 /* Debug */,
				D89EFB0A27A4E62D00D58E75 /* Release */,
			);
			defaultConfigurationIsVisible = 0;
			defaultConfigurationName = Release;
		};
		D89EFB0B27A4E62D00D58E75 /* Build configuration list for PBXNativeTarget "WeatherWidgetTests" */ = {
			isa = XCConfigurationList;
			buildConfigurations = (
				D89EFB0C27A4E62D00D58E75 /* Debug */,
				D89EFB0D27A4E62D00D58E75 /* Release */,
			);
			defaultConfigurationIsVisible = 0;
			defaultConfigurationName = Release;
		};
		D89EFB0E27A4E62D00D58E75 /* Build configuration list for PBXNativeTarget "WeatherWidgetUITests" */ = {
			isa = XCConfigurationList;
			buildConfigurations = (
				D89EFB0F27A4E62D00D58E75 /* Debug */,
				D89EFB1027A4E62D00D58E75 /* Release */,
			);
			defaultConfigurationIsVisible = 0;
			defaultConfigurationName = Release;
		};
/* End XCConfigurationList section */
	};
	rootObject = D89EFADC27A4E62B00D58E75 /* Project object */;
}
